{
  "name": "Chat",
  "lockfileVersion": 3,
  "requires": true,
  "packages": {
    "": {
      "dependencies": {
        "tinydb": "^0.1.0"
      }
    },
    "node_modules/tinydb": {
      "version": "0.1.0",
      "resolved": "https://registry.npmjs.org/tinydb/-/tinydb-0.1.0.tgz",
      "integrity": "sha512-dMAshk1V/UBW+WZMEkj5s8fdefsS9Os2nn85n7hsKfKYNQ8IdniR8mEcyqb71PuojXOCjZNRmgM+PNGBcJAkOQ==",
      "license": "MIT"
    }
  }
}
